{
  "nodes": {
    "nixpkgs": {
      "locked": {
        "lastModified": 1665481906,
        "narHash": "sha256-fIC9iWOfX1+//C5wdc/GCnkwjkdIBi3soTM/KUk+5T4=",
        "owner": "NixOS",
        "repo": "nixpkgs",
        "rev": "93dc85b485638bda9ac76458dcd45b997cc7cdbd",
        "type": "github"
      },
      "original": {
        "owner": "NixOS",
        "repo": "nixpkgs",
        "rev": "93dc85b485638bda9ac76458dcd45b997cc7cdbd",
        "type": "github"
      }
    },
    "root": {
      "inputs": {
        "nixpkgs": "nixpkgs"
      }
    }
  },
  "root": "root",
  "version": 7
}
